
Microsoft Visual Studio Solution File, Format Version 12.00
# Visual Studio Version 17
VisualStudioVersion = 17.1.32328.378
MinimumVisualStudioVersion = 10.0.40219.1
Project("{9A19103F-16F7-4668-BE54-9A1E7A4F7556}") = "Isomerization.Wpf.OLD", "Isomerization.Wpf.OLD\Isomerization.Wpf.OLD.csproj", "{4F06CDE8-0234-4678-8EFC-9578FE652917}"
EndProject
Project("{9A19103F-16F7-4668-BE54-9A1E7A4F7556}") = "Isomerization.Domain", "Isomerization.Domain\Isomerization.Domain.csproj", "{3E24B882-AB19-44B9-B3C0-07FCC41CE02D}"
EndProject
Project("{FAE04EC0-301F-11D3-BF4B-00C04F79EFBC}") = "Isomerization.UI", "Isomerization.UI\Isomerization.UI.csproj", "{8DBC5110-F879-49D1-889E-3E2AA0D5894D}"
EndProject
Project("{9A19103F-16F7-4668-BE54-9A1E7A4F7556}") = "PmToIfc", "PmToIfc\PmToIfc.csproj", "{49B41785-D019-4B99-BEF4-C22D56F83F74}"
EndProject
Project("{FAE04EC0-301F-11D3-BF4B-00C04F79EFBC}") = "Isomerization.Shared", "Isomerization.Shared\Isomerization.Shared.csproj", "{3DED5279-9215-42E8-B3C6-E18E062C67F9}"
EndProject
Global
	GlobalSection(SolutionConfigurationPlatforms) = preSolution
		Debug|Any CPU = Debug|Any CPU
		Release|Any CPU = Release|Any CPU
	EndGlobalSection
	GlobalSection(ProjectConfigurationPlatforms) = postSolution
		{4F06CDE8-0234-4678-8EFC-9578FE652917}.Debug|Any CPU.ActiveCfg = Debug|Any CPU
		{4F06CDE8-0234-4678-8EFC-9578FE652917}.Debug|Any CPU.Build.0 = Debug|Any CPU
		{4F06CDE8-0234-4678-8EFC-9578FE652917}.Release|Any CPU.ActiveCfg = Release|Any CPU
		{4F06CDE8-0234-4678-8EFC-9578FE652917}.Release|Any CPU.Build.0 = Release|Any CPU
		{3E24B882-AB19-44B9-B3C0-07FCC41CE02D}.Debug|Any CPU.ActiveCfg = Debug|Any CPU
		{3E24B882-AB19-44B9-B3C0-07FCC41CE02D}.Debug|Any CPU.Build.0 = Debug|Any CPU
		{3E24B882-AB19-44B9-B3C0-07FCC41CE02D}.Release|Any CPU.ActiveCfg = Release|Any CPU
		{3E24B882-AB19-44B9-B3C0-07FCC41CE02D}.Release|Any CPU.Build.0 = Release|Any CPU
		{8DBC5110-F879-49D1-889E-3E2AA0D5894D}.Debug|Any CPU.ActiveCfg = Debug|Any CPU
		{8DBC5110-F879-49D1-889E-3E2AA0D5894D}.Debug|Any CPU.Build.0 = Debug|Any CPU
		{8DBC5110-F879-49D1-889E-3E2AA0D5894D}.Release|Any CPU.ActiveCfg = Release|Any CPU
		{8DBC5110-F879-49D1-889E-3E2AA0D5894D}.Release|Any CPU.Build.0 = Release|Any CPU
		{49B41785-D019-4B99-BEF4-C22D56F83F74}.Debug|Any CPU.ActiveCfg = Debug|Any CPU
		{49B41785-D019-4B99-BEF4-C22D56F83F74}.Debug|Any CPU.Build.0 = Debug|Any CPU
		{49B41785-D019-4B99-BEF4-C22D56F83F74}.Release|Any CPU.ActiveCfg = Release|Any CPU
		{49B41785-D019-4B99-BEF4-C22D56F83F74}.Release|Any CPU.Build.0 = Release|Any CPU
		{3DED5279-9215-42E8-B3C6-E18E062C67F9}.Debug|Any CPU.ActiveCfg = Debug|Any CPU
		{3DED5279-9215-42E8-B3C6-E18E062C67F9}.Debug|Any CPU.Build.0 = Debug|Any CPU
		{3DED5279-9215-42E8-B3C6-E18E062C67F9}.Release|Any CPU.ActiveCfg = Release|Any CPU
		{3DED5279-9215-42E8-B3C6-E18E062C67F9}.Release|Any CPU.Build.0 = Release|Any CPU
	EndGlobalSection
	GlobalSection(SolutionProperties) = preSolution
		HideSolutionNode = FALSE
	EndGlobalSection
	GlobalSection(ExtensibilityGlobals) = postSolution
		SolutionGuid = {9B7F1639-C77C-4866-8A15-7D4CB6921558}
	EndGlobalSection
EndGlobal
